
Microsoft Visual Studio Solution File, Format Version 12.00
# Visual Studio Version 17
VisualStudioVersion = 17.14.37027.9 d17.14
MinimumVisualStudioVersion = 10.0.40219.1
Project("{FAE04EC0-301F-11D3-BF4B-00C04F79EFBC}") = "ApiPerpustakaan", "ApiPerpustakaan.csproj", "{F15EFC42-C591-4B2F-BD93-D60F8225317C}"
EndProject
Global
	GlobalSection(SolutionConfigurationPlatforms) = preSolution
		Debug|Any CPU = Debug|Any CPU
		Release|Any CPU = Release|Any CPU
	EndGlobalSection
	GlobalSection(ProjectConfigurationPlatforms) = postSolution
		{F15EFC42-C591-4B2F-BD93-D60F8225317C}.Debug|Any CPU.ActiveCfg = Debug|Any CPU
		{F15EFC42-C591-4B2F-BD93-D60F8225317C}.Debug|Any CPU.Build.0 = Debug|Any CPU
		{F15EFC42-C591-4B2F-BD93-D60F8225317C}.Release|Any CPU.ActiveCfg = Release|Any CPU
		{F15EFC42-C591-4B2F-BD93-D60F8225317C}.Release|Any CPU.Build.0 = Release|Any CPU
	EndGlobalSection
	GlobalSection(SolutionProperties) = preSolution
		HideSolutionNode = FALSE
	EndGlobalSection
	GlobalSection(ExtensibilityGlobals) = postSolution
		SolutionGuid = {2502DE06-2F38-4058-A4C3-ED0433F4A926}
	EndGlobalSection
EndGlobal
